
Microsoft Visual Studio Solution File, Format Version 12.00
# Visual Studio Version 17
VisualStudioVersion = 17.4.33205.214
MinimumVisualStudioVersion = 10.0.40219.1
Project("{FAE04EC0-301F-11D3-BF4B-00C04F79EFBC}") = "ConsolAppCSharpTutorial", "ConsolAppCSharpTutorial\ConsolAppCSharpTutorial.csproj", "{D5BD7B45-701E-4309-9083-8ED00B4C1B86}"
EndProject
Global
	GlobalSection(SolutionConfigurationPlatforms) = preSolution
		Debug|Any CPU = Debug|Any CPU
		Release|Any CPU = Release|Any CPU
	EndGlobalSection
	GlobalSection(ProjectConfigurationPlatforms) = postSolution
		{D5BD7B45-701E-4309-9083-8ED00B4C1B86}.Debug|Any CPU.ActiveCfg = Debug|Any CPU
		{D5BD7B45-701E-4309-9083-8ED00B4C1B86}.Debug|Any CPU.Build.0 = Debug|Any CPU
		{D5BD7B45-701E-4309-9083-8ED00B4C1B86}.Release|Any CPU.ActiveCfg = Release|Any CPU
		{D5BD7B45-701E-4309-9083-8ED00B4C1B86}.Release|Any CPU.Build.0 = Release|Any CPU
	EndGlobalSection
	GlobalSection(SolutionProperties) = preSolution
		HideSolutionNode = FALSE
	EndGlobalSection
	GlobalSection(ExtensibilityGlobals) = postSolution
		SolutionGuid = {05ABC895-CE68-46D5-BC4E-5BB740AADCE2}
	EndGlobalSection
EndGlobal
